
Microsoft Visual Studio Solution File, Format Version 12.00
# Visual Studio Version 17
VisualStudioVersion = 17.4.33122.133
MinimumVisualStudioVersion = 10.0.40219.1
Project("{FAE04EC0-301F-11D3-BF4B-00C04F79EFBC}") = "LunarLander", "LunarLander\LunarLander.csproj", "{2C89F285-C948-46B5-98A9-AE1C8BCA07FD}"
EndProject
Global
	GlobalSection(SolutionConfigurationPlatforms) = preSolution
		Debug|Any CPU = Debug|Any CPU
		Release|Any CPU = Release|Any CPU
	EndGlobalSection
	GlobalSection(ProjectConfigurationPlatforms) = postSolution
		{2C89F285-C948-46B5-98A9-AE1C8BCA07FD}.Debug|Any CPU.ActiveCfg = Debug|Any CPU
		{2C89F285-C948-46B5-98A9-AE1C8BCA07FD}.Debug|Any CPU.Build.0 = Debug|Any CPU
		{2C89F285-C948-46B5-98A9-AE1C8BCA07FD}.Release|Any CPU.ActiveCfg = Release|Any CPU
		{2C89F285-C948-46B5-98A9-AE1C8BCA07FD}.Release|Any CPU.Build.0 = Release|Any CPU
	EndGlobalSection
	GlobalSection(SolutionProperties) = preSolution
		HideSolutionNode = FALSE
	EndGlobalSection
	GlobalSection(ExtensibilityGlobals) = postSolution
		SolutionGuid = {1F8F3E97-F2F7-403B-AA83-7F077160FF29}
	EndGlobalSection
EndGlobal
